
Microsoft Visual Studio Solution File, Format Version 12.00
# Visual Studio Version 17
VisualStudioVersion = 17.3.32901.215
MinimumVisualStudioVersion = 10.0.40219.1
Project("{FAE04EC0-301F-11D3-BF4B-00C04F79EFBC}") = "CS_Types", "CS_Types\CS_Types.csproj", "{1E9C0FB2-679E-43B9-9592-FE7BE37B66CF}"
EndProject
Project("{2150E333-8FDC-42A3-9474-1A3956D46DE8}") = "Solution Items", "Solution Items", "{F148F32B-A3D2-47A7-8624-8806BF8519DD}"
	ProjectSection(SolutionItems) = preProject
		Assignments.md = Assignments.md
		DML_Queries.sql = DML_Queries.sql
		js.md = js.md
		Queries.sql = Queries.sql
		readme.md = readme.md
		select_queries.sql = select_queries.sql
	EndProjectSection
EndProject
Project("{FAE04EC0-301F-11D3-BF4B-00C04F79EFBC}") = "CS_Strings", "CS_Strings\CS_Strings.csproj", "{ECE253CD-625E-4B9B-8DF6-33C9200A5446}"
EndProject
Project("{FAE04EC0-301F-11D3-BF4B-00C04F79EFBC}") = "CS_Arrays", "CS_Arrays\CS_Arrays.csproj", "{178CD391-990E-461B-8C31-EF249081B54B}"
EndProject
Project("{2150E333-8FDC-42A3-9474-1A3956D46DE8}") = "OOPs", "OOPs", "{25CF4225-EAED-441E-8715-63C421A91B92}"
EndProject
Project("{FAE04EC0-301F-11D3-BF4B-00C04F79EFBC}") = "CS_OOPs_Fundamentals", "CS_OOPs_Fundamentals\CS_OOPs_Fundamentals.csproj", "{B8D96EA4-DDA6-4337-BD37-404E0719BAB5}"
EndProject
Project("{FAE04EC0-301F-11D3-BF4B-00C04F79EFBC}") = "CS_OOPs_As_Application", "CS_OOPs_As_Application\CS_OOPs_As_Application.csproj", "{9F892949-0883-4749-ADCD-E4F7F8924AD8}"
EndProject
Project("{FAE04EC0-301F-11D3-BF4B-00C04F79EFBC}") = "CS_OOPs_Casting", "CS_OOPs_Casting\CS_OOPs_Casting.csproj", "{464FBF93-C095-4ECB-ADDF-39EFA6C492B3}"
EndProject
Project("{FAE04EC0-301F-11D3-BF4B-00C04F79EFBC}") = "CS_Dictionary", "CS_Dictionary\CS_Dictionary.csproj", "{A9EDF682-52FB-4301-802B-6C92BC913666}"
EndProject
Project("{FAE04EC0-301F-11D3-BF4B-00C04F79EFBC}") = "CS_Static", "CS_Static\CS_Static.csproj", "{CC1CDD0D-9E1A-4A73-B9FA-23FCDB2EAFF6}"
EndProject
Project("{FAE04EC0-301F-11D3-BF4B-00C04F79EFBC}") = "CS_Controlling_Scope", "CS_Controlling_Scope\CS_Controlling_Scope.csproj", "{A581B509-4C2E-4404-90D8-D8F9D33152C9}"
EndProject
Project("{FAE04EC0-301F-11D3-BF4B-00C04F79EFBC}") = "CS_Consumer", "CS_Consumer\CS_Consumer.csproj", "{AC18FF2C-61EF-4DF5-B378-EA273E8143A5}"
EndProject
Project("{FAE04EC0-301F-11D3-BF4B-00C04F79EFBC}") = "CS_Interfaces", "CS_Interfaces\CS_Interfaces.csproj", "{F9DB05BF-DEA9-4CF5-B118-BA60473A0B53}"
EndProject
Project("{2150E333-8FDC-42A3-9474-1A3956D46DE8}") = "Enhancements", "Enhancements", "{E4B00DB8-541C-4045-A5A2-E8F5554CE7C0}"
EndProject
Project("{FAE04EC0-301F-11D3-BF4B-00C04F79EFBC}") = "CS_Lambda", "CS_Lambda\CS_Lambda.csproj", "{FB389936-2B1E-4D8B-875E-35265DF21FEA}"
EndProject
Project("{FAE04EC0-301F-11D3-BF4B-00C04F79EFBC}") = "CS_LINQ", "CS_LINQ\CS_LINQ.csproj", "{42889898-4191-4161-A1FE-91848426F7FE}"
EndProject
Project("{2150E333-8FDC-42A3-9474-1A3956D46DE8}") = "TestingApp", "TestingApp", "{46D822C1-B656-4428-8083-B519611324D9}"
EndProject
Project("{FAE04EC0-301F-11D3-BF4B-00C04F79EFBC}") = "CS_SourceApp", "CS_SourceApp\CS_SourceApp.csproj", "{9664DE3D-907C-4D96-9828-F8E28A686C0B}"
EndProject
Project("{FAE04EC0-301F-11D3-BF4B-00C04F79EFBC}") = "MyClassTesting", "MyClassTesting\MyClassTesting.csproj", "{E84B7258-00FE-4A0A-8953-36506CB5C838}"
EndProject
Project("{FAE04EC0-301F-11D3-BF4B-00C04F79EFBC}") = "CS_MyAppTest", "CS_MyAppTest\CS_MyAppTest.csproj", "{F640DFE6-0FEC-4F97-8C25-CE4E7CE5AF1D}"
EndProject
Project("{FAE04EC0-301F-11D3-BF4B-00C04F79EFBC}") = "CS_Threads", "CS_Threads\CS_Threads.csproj", "{2F00538C-626C-46D9-8D11-4C9B7FB7DA04}"
EndProject
Project("{FAE04EC0-301F-11D3-BF4B-00C04F79EFBC}") = "CS_Thread_Parameters", "CS_Thread_Parameters\CS_Thread_Parameters.csproj", "{2593F91B-27BE-4A70-B0A3-5D44C8C3660E}"
EndProject
Project("{FAE04EC0-301F-11D3-BF4B-00C04F79EFBC}") = "CS_Parallel", "CS_Parallel\CS_Parallel.csproj", "{F86517E8-C2D4-46F1-8A0C-EE58A7D21A45}"
EndProject
Project("{FAE04EC0-301F-11D3-BF4B-00C04F79EFBC}") = "CS_Parallel_Invoke", "CS_Parallel_Invoke\CS_Parallel_Invoke.csproj", "{02ACB0EE-1D84-436E-89B1-E3A84B044C6D}"
EndProject
Project("{FAE04EC0-301F-11D3-BF4B-00C04F79EFBC}") = "UsingTasks", "UsingTasks\UsingTasks.csproj", "{BF933328-5629-490B-85B3-6CCA5B79E4FA}"
EndProject
Project("{2150E333-8FDC-42A3-9474-1A3956D46DE8}") = "ORMApps", "ORMApps", "{79468EE2-449D-4F1B-97A8-263EA93E7EE3}"
EndProject
Project("{FAE04EC0-301F-11D3-BF4B-00C04F79EFBC}") = "CS_EF_DbFirst", "CS_EF_DbFirst\CS_EF_DbFirst.csproj", "{33DCE38C-F7B1-4711-ADE1-1A8E3B717989}"
EndProject
Project("{FAE04EC0-301F-11D3-BF4B-00C04F79EFBC}") = "CS_Code_First", "CS_Code_First\CS_Code_First.csproj", "{B8136E05-3EBB-4E45-BD1C-E672266F3ED9}"
EndProject
Project("{FAE04EC0-301F-11D3-BF4B-00C04F79EFBC}") = "CS_Fluent_API", "CS_Fluent_API\CS_Fluent_API.csproj", "{53F07D5C-7AC6-4ED3-B904-003990BF8CDD}"
EndProject
Project("{2150E333-8FDC-42A3-9474-1A3956D46DE8}") = "MVCApps", "MVCApps", "{C41F3E23-DD74-4E63-B6C7-C5E7430BF4BC}"
EndProject
Project("{FAE04EC0-301F-11D3-BF4B-00C04F79EFBC}") = "MVC_App", "MVC_App\MVC_App.csproj", "{C65087DA-398D-4A28-9B6D-5EE3C79C7635}"
EndProject
Project("{FAE04EC0-301F-11D3-BF4B-00C04F79EFBC}") = "Application.Model.Entity.Base", "Application.Model.Entity.Base\Application.Model.Entity.Base.csproj", "{57FB9344-5B0B-44EA-A315-6213C4B6B15F}"
EndProject
Project("{FAE04EC0-301F-11D3-BF4B-00C04F79EFBC}") = "Application.Model.Entities", "Application.Model.Entities\Application.Model.Entities.csproj", "{F48801A9-F79E-4CA6-9A2C-ECC2E042AC6E}"
EndProject
Project("{FAE04EC0-301F-11D3-BF4B-00C04F79EFBC}") = "Application.Data.Contract", "Application.Data.Contract\Application.Data.Contract.csproj", "{75CCB732-3877-4378-A4D5-2A585187C1BC}"
EndProject
Project("{FAE04EC0-301F-11D3-BF4B-00C04F79EFBC}") = "Application.Data.DataAccess", "Application.Data.DataAccess\Application.Data.DataAccess.csproj", "{38B60DA2-7A82-4B86-B9C7-C6291AA7DAD4}"
EndProject
Project("{FAE04EC0-301F-11D3-BF4B-00C04F79EFBC}") = "Application.Data.DataAccess.Services", "Application.Data.DataAccess.Services\Application.Data.DataAccess.Services.csproj", "{86ABDD31-044D-42A8-BD16-D4EE3ACB13BC}"
EndProject
Project("{FAE04EC0-301F-11D3-BF4B-00C04F79EFBC}") = "API_App", "API_App\API_App.csproj", "{9CF08145-57BC-4D1B-A64F-BD22C4E5E2BB}"
EndProject
Global
	GlobalSection(SolutionConfigurationPlatforms) = preSolution
		Debug|Any CPU = Debug|Any CPU
		Release|Any CPU = Release|Any CPU
	EndGlobalSection
	GlobalSection(ProjectConfigurationPlatforms) = postSolution
		{1E9C0FB2-679E-43B9-9592-FE7BE37B66CF}.Debug|Any CPU.ActiveCfg = Debug|Any CPU
		{1E9C0FB2-679E-43B9-9592-FE7BE37B66CF}.Debug|Any CPU.Build.0 = Debug|Any CPU
		{1E9C0FB2-679E-43B9-9592-FE7BE37B66CF}.Release|Any CPU.ActiveCfg = Release|Any CPU
		{1E9C0FB2-679E-43B9-9592-FE7BE37B66CF}.Release|Any CPU.Build.0 = Release|Any CPU
		{ECE253CD-625E-4B9B-8DF6-33C9200A5446}.Debug|Any CPU.ActiveCfg = Debug|Any CPU
		{ECE253CD-625E-4B9B-8DF6-33C9200A5446}.Debug|Any CPU.Build.0 = Debug|Any CPU
		{ECE253CD-625E-4B9B-8DF6-33C9200A5446}.Release|Any CPU.ActiveCfg = Release|Any CPU
		{ECE253CD-625E-4B9B-8DF6-33C9200A5446}.Release|Any CPU.Build.0 = Release|Any CPU
		{178CD391-990E-461B-8C31-EF249081B54B}.Debug|Any CPU.ActiveCfg = Debug|Any CPU
		{178CD391-990E-461B-8C31-EF249081B54B}.Debug|Any CPU.Build.0 = Debug|Any CPU
		{178CD391-990E-461B-8C31-EF249081B54B}.Release|Any CPU.ActiveCfg = Release|Any CPU
		{178CD391-990E-461B-8C31-EF249081B54B}.Release|Any CPU.Build.0 = Release|Any CPU
		{B8D96EA4-DDA6-4337-BD37-404E0719BAB5}.Debug|Any CPU.ActiveCfg = Debug|Any CPU
		{B8D96EA4-DDA6-4337-BD37-404E0719BAB5}.Debug|Any CPU.Build.0 = Debug|Any CPU
		{B8D96EA4-DDA6-4337-BD37-404E0719BAB5}.Release|Any CPU.ActiveCfg = Release|Any CPU
		{B8D96EA4-DDA6-4337-BD37-404E0719BAB5}.Release|Any CPU.Build.0 = Release|Any CPU
		{9F892949-0883-4749-ADCD-E4F7F8924AD8}.Debug|Any CPU.ActiveCfg = Debug|Any CPU
		{9F892949-0883-4749-ADCD-E4F7F8924AD8}.Debug|Any CPU.Build.0 = Debug|Any CPU
		{9F892949-0883-4749-ADCD-E4F7F8924AD8}.Release|Any CPU.ActiveCfg = Release|Any CPU
		{9F892949-0883-4749-ADCD-E4F7F8924AD8}.Release|Any CPU.Build.0 = Release|Any CPU
		{464FBF93-C095-4ECB-ADDF-39EFA6C492B3}.Debug|Any CPU.ActiveCfg = Debug|Any CPU
		{464FBF93-C095-4ECB-ADDF-39EFA6C492B3}.Debug|Any CPU.Build.0 = Debug|Any CPU
		{464FBF93-C095-4ECB-ADDF-39EFA6C492B3}.Release|Any CPU.ActiveCfg = Release|Any CPU
		{464FBF93-C095-4ECB-ADDF-39EFA6C492B3}.Release|Any CPU.Build.0 = Release|Any CPU
		{A9EDF682-52FB-4301-802B-6C92BC913666}.Debug|Any CPU.ActiveCfg = Debug|Any CPU
		{A9EDF682-52FB-4301-802B-6C92BC913666}.Debug|Any CPU.Build.0 = Debug|Any CPU
		{A9EDF682-52FB-4301-802B-6C92BC913666}.Release|Any CPU.ActiveCfg = Release|Any CPU
		{A9EDF682-52FB-4301-802B-6C92BC913666}.Release|Any CPU.Build.0 = Release|Any CPU
		{CC1CDD0D-9E1A-4A73-B9FA-23FCDB2EAFF6}.Debug|Any CPU.ActiveCfg = Debug|Any CPU
		{CC1CDD0D-9E1A-4A73-B9FA-23FCDB2EAFF6}.Debug|Any CPU.Build.0 = Debug|Any CPU
		{CC1CDD0D-9E1A-4A73-B9FA-23FCDB2EAFF6}.Release|Any CPU.ActiveCfg = Release|Any CPU
		{CC1CDD0D-9E1A-4A73-B9FA-23FCDB2EAFF6}.Release|Any CPU.Build.0 = Release|Any CPU
		{A581B509-4C2E-4404-90D8-D8F9D33152C9}.Debug|Any CPU.ActiveCfg = Debug|Any CPU
		{A581B509-4C2E-4404-90D8-D8F9D33152C9}.Debug|Any CPU.Build.0 = Debug|Any CPU
		{A581B509-4C2E-4404-90D8-D8F9D33152C9}.Release|Any CPU.ActiveCfg = Release|Any CPU
		{A581B509-4C2E-4404-90D8-D8F9D33152C9}.Release|Any CPU.Build.0 = Release|Any CPU
		{AC18FF2C-61EF-4DF5-B378-EA273E8143A5}.Debug|Any CPU.ActiveCfg = Debug|Any CPU
		{AC18FF2C-61EF-4DF5-B378-EA273E8143A5}.Debug|Any CPU.Build.0 = Debug|Any CPU
		{AC18FF2C-61EF-4DF5-B378-EA273E8143A5}.Release|Any CPU.ActiveCfg = Release|Any CPU
		{AC18FF2C-61EF-4DF5-B378-EA273E8143A5}.Release|Any CPU.Build.0 = Release|Any CPU
		{F9DB05BF-DEA9-4CF5-B118-BA60473A0B53}.Debug|Any CPU.ActiveCfg = Debug|Any CPU
		{F9DB05BF-DEA9-4CF5-B118-BA60473A0B53}.Debug|Any CPU.Build.0 = Debug|Any CPU
		{F9DB05BF-DEA9-4CF5-B118-BA60473A0B53}.Release|Any CPU.ActiveCfg = Release|Any CPU
		{F9DB05BF-DEA9-4CF5-B118-BA60473A0B53}.Release|Any CPU.Build.0 = Release|Any CPU
		{FB389936-2B1E-4D8B-875E-35265DF21FEA}.Debug|Any CPU.ActiveCfg = Debug|Any CPU
		{FB389936-2B1E-4D8B-875E-35265DF21FEA}.Debug|Any CPU.Build.0 = Debug|Any CPU
		{FB389936-2B1E-4D8B-875E-35265DF21FEA}.Release|Any CPU.ActiveCfg = Release|Any CPU
		{FB389936-2B1E-4D8B-875E-35265DF21FEA}.Release|Any CPU.Build.0 = Release|Any CPU
		{42889898-4191-4161-A1FE-91848426F7FE}.Debug|Any CPU.ActiveCfg = Debug|Any CPU
		{42889898-4191-4161-A1FE-91848426F7FE}.Debug|Any CPU.Build.0 = Debug|Any CPU
		{42889898-4191-4161-A1FE-91848426F7FE}.Release|Any CPU.ActiveCfg = Release|Any CPU
		{42889898-4191-4161-A1FE-91848426F7FE}.Release|Any CPU.Build.0 = Release|Any CPU
		{9664DE3D-907C-4D96-9828-F8E28A686C0B}.Debug|Any CPU.ActiveCfg = Debug|Any CPU
		{9664DE3D-907C-4D96-9828-F8E28A686C0B}.Debug|Any CPU.Build.0 = Debug|Any CPU
		{9664DE3D-907C-4D96-9828-F8E28A686C0B}.Release|Any CPU.ActiveCfg = Release|Any CPU
		{9664DE3D-907C-4D96-9828-F8E28A686C0B}.Release|Any CPU.Build.0 = Release|Any CPU
		{E84B7258-00FE-4A0A-8953-36506CB5C838}.Debug|Any CPU.ActiveCfg = Debug|Any CPU
		{E84B7258-00FE-4A0A-8953-36506CB5C838}.Debug|Any CPU.Build.0 = Debug|Any CPU
		{E84B7258-00FE-4A0A-8953-36506CB5C838}.Release|Any CPU.ActiveCfg = Release|Any CPU
		{E84B7258-00FE-4A0A-8953-36506CB5C838}.Release|Any CPU.Build.0 = Release|Any CPU
		{F640DFE6-0FEC-4F97-8C25-CE4E7CE5AF1D}.Debug|Any CPU.ActiveCfg = Debug|Any CPU
		{F640DFE6-0FEC-4F97-8C25-CE4E7CE5AF1D}.Debug|Any CPU.Build.0 = Debug|Any CPU
		{F640DFE6-0FEC-4F97-8C25-CE4E7CE5AF1D}.Release|Any CPU.ActiveCfg = Release|Any CPU
		{F640DFE6-0FEC-4F97-8C25-CE4E7CE5AF1D}.Release|Any CPU.Build.0 = Release|Any CPU
		{2F00538C-626C-46D9-8D11-4C9B7FB7DA04}.Debug|Any CPU.ActiveCfg = Debug|Any CPU
		{2F00538C-626C-46D9-8D11-4C9B7FB7DA04}.Debug|Any CPU.Build.0 = Debug|Any CPU
		{2F00538C-626C-46D9-8D11-4C9B7FB7DA04}.Release|Any CPU.ActiveCfg = Release|Any CPU
		{2F00538C-626C-46D9-8D11-4C9B7FB7DA04}.Release|Any CPU.Build.0 = Release|Any CPU
		{2593F91B-27BE-4A70-B0A3-5D44C8C3660E}.Debug|Any CPU.ActiveCfg = Debug|Any CPU
		{2593F91B-27BE-4A70-B0A3-5D44C8C3660E}.Debug|Any CPU.Build.0 = Debug|Any CPU
		{2593F91B-27BE-4A70-B0A3-5D44C8C3660E}.Release|Any CPU.ActiveCfg = Release|Any CPU
		{2593F91B-27BE-4A70-B0A3-5D44C8C3660E}.Release|Any CPU.Build.0 = Release|Any CPU
		{F86517E8-C2D4-46F1-8A0C-EE58A7D21A45}.Debug|Any CPU.ActiveCfg = Debug|Any CPU
		{F86517E8-C2D4-46F1-8A0C-EE58A7D21A45}.Debug|Any CPU.Build.0 = Debug|Any CPU
		{F86517E8-C2D4-46F1-8A0C-EE58A7D21A45}.Release|Any CPU.ActiveCfg = Release|Any CPU
		{F86517E8-C2D4-46F1-8A0C-EE58A7D21A45}.Release|Any CPU.Build.0 = Release|Any CPU
		{02ACB0EE-1D84-436E-89B1-E3A84B044C6D}.Debug|Any CPU.ActiveCfg = Debug|Any CPU
		{02ACB0EE-1D84-436E-89B1-E3A84B044C6D}.Debug|Any CPU.Build.0 = Debug|Any CPU
		{02ACB0EE-1D84-436E-89B1-E3A84B044C6D}.Release|Any CPU.ActiveCfg = Release|Any CPU
		{02ACB0EE-1D84-436E-89B1-E3A84B044C6D}.Release|Any CPU.Build.0 = Release|Any CPU
		{BF933328-5629-490B-85B3-6CCA5B79E4FA}.Debug|Any CPU.ActiveCfg = Debug|Any CPU
		{BF933328-5629-490B-85B3-6CCA5B79E4FA}.Debug|Any CPU.Build.0 = Debug|Any CPU
		{BF933328-5629-490B-85B3-6CCA5B79E4FA}.Release|Any CPU.ActiveCfg = Release|Any CPU
		{BF933328-5629-490B-85B3-6CCA5B79E4FA}.Release|Any CPU.Build.0 = Release|Any CPU
		{33DCE38C-F7B1-4711-ADE1-1A8E3B717989}.Debug|Any CPU.ActiveCfg = Debug|Any CPU
		{33DCE38C-F7B1-4711-ADE1-1A8E3B717989}.Debug|Any CPU.Build.0 = Debug|Any CPU
		{33DCE38C-F7B1-4711-ADE1-1A8E3B717989}.Release|Any CPU.ActiveCfg = Release|Any CPU
		{33DCE38C-F7B1-4711-ADE1-1A8E3B717989}.Release|Any CPU.Build.0 = Release|Any CPU
		{B8136E05-3EBB-4E45-BD1C-E672266F3ED9}.Debug|Any CPU.ActiveCfg = Debug|Any CPU
		{B8136E05-3EBB-4E45-BD1C-E672266F3ED9}.Debug|Any CPU.Build.0 = Debug|Any CPU
		{B8136E05-3EBB-4E45-BD1C-E672266F3ED9}.Release|Any CPU.ActiveCfg = Release|Any CPU
		{B8136E05-3EBB-4E45-BD1C-E672266F3ED9}.Release|Any CPU.Build.0 = Release|Any CPU
		{53F07D5C-7AC6-4ED3-B904-003990BF8CDD}.Debug|Any CPU.ActiveCfg = Debug|Any CPU
		{53F07D5C-7AC6-4ED3-B904-003990BF8CDD}.Debug|Any CPU.Build.0 = Debug|Any CPU
		{53F07D5C-7AC6-4ED3-B904-003990BF8CDD}.Release|Any CPU.ActiveCfg = Release|Any CPU
		{53F07D5C-7AC6-4ED3-B904-003990BF8CDD}.Release|Any CPU.Build.0 = Release|Any CPU
		{C65087DA-398D-4A28-9B6D-5EE3C79C7635}.Debug|Any CPU.ActiveCfg = Debug|Any CPU
		{C65087DA-398D-4A28-9B6D-5EE3C79C7635}.Debug|Any CPU.Build.0 = Debug|Any CPU
		{C65087DA-398D-4A28-9B6D-5EE3C79C7635}.Release|Any CPU.ActiveCfg = Release|Any CPU
		{C65087DA-398D-4A28-9B6D-5EE3C79C7635}.Release|Any CPU.Build.0 = Release|Any CPU
		{57FB9344-5B0B-44EA-A315-6213C4B6B15F}.Debug|Any CPU.ActiveCfg = Debug|Any CPU
		{57FB9344-5B0B-44EA-A315-6213C4B6B15F}.Debug|Any CPU.Build.0 = Debug|Any CPU
		{57FB9344-5B0B-44EA-A315-6213C4B6B15F}.Release|Any CPU.ActiveCfg = Release|Any CPU
		{57FB9344-5B0B-44EA-A315-6213C4B6B15F}.Release|Any CPU.Build.0 = Release|Any CPU
		{F48801A9-F79E-4CA6-9A2C-ECC2E042AC6E}.Debug|Any CPU.ActiveCfg = Debug|Any CPU
		{F48801A9-F79E-4CA6-9A2C-ECC2E042AC6E}.Debug|Any CPU.Build.0 = Debug|Any CPU
		{F48801A9-F79E-4CA6-9A2C-ECC2E042AC6E}.Release|Any CPU.ActiveCfg = Release|Any CPU
		{F48801A9-F79E-4CA6-9A2C-ECC2E042AC6E}.Release|Any CPU.Build.0 = Release|Any CPU
		{75CCB732-3877-4378-A4D5-2A585187C1BC}.Debug|Any CPU.ActiveCfg = Debug|Any CPU
		{75CCB732-3877-4378-A4D5-2A585187C1BC}.Debug|Any CPU.Build.0 = Debug|Any CPU
		{75CCB732-3877-4378-A4D5-2A585187C1BC}.Release|Any CPU.ActiveCfg = Release|Any CPU
		{75CCB732-3877-4378-A4D5-2A585187C1BC}.Release|Any CPU.Build.0 = Release|Any CPU
		{38B60DA2-7A82-4B86-B9C7-C6291AA7DAD4}.Debug|Any CPU.ActiveCfg = Debug|Any CPU
		{38B60DA2-7A82-4B86-B9C7-C6291AA7DAD4}.Debug|Any CPU.Build.0 = Debug|Any CPU
		{38B60DA2-7A82-4B86-B9C7-C6291AA7DAD4}.Release|Any CPU.ActiveCfg = Release|Any CPU
		{38B60DA2-7A82-4B86-B9C7-C6291AA7DAD4}.Release|Any CPU.Build.0 = Release|Any CPU
		{86ABDD31-044D-42A8-BD16-D4EE3ACB13BC}.Debug|Any CPU.ActiveCfg = Debug|Any CPU
		{86ABDD31-044D-42A8-BD16-D4EE3ACB13BC}.Debug|Any CPU.Build.0 = Debug|Any CPU
		{86ABDD31-044D-42A8-BD16-D4EE3ACB13BC}.Release|Any CPU.ActiveCfg = Release|Any CPU
		{86ABDD31-044D-42A8-BD16-D4EE3ACB13BC}.Release|Any CPU.Build.0 = Release|Any CPU
		{9CF08145-57BC-4D1B-A64F-BD22C4E5E2BB}.Debug|Any CPU.ActiveCfg = Debug|Any CPU
		{9CF08145-57BC-4D1B-A64F-BD22C4E5E2BB}.Debug|Any CPU.Build.0 = Debug|Any CPU
		{9CF08145-57BC-4D1B-A64F-BD22C4E5E2BB}.Release|Any CPU.ActiveCfg = Release|Any CPU
		{9CF08145-57BC-4D1B-A64F-BD22C4E5E2BB}.Release|Any CPU.Build.0 = Release|Any CPU
	EndGlobalSection
	GlobalSection(SolutionProperties) = preSolution
		HideSolutionNode = FALSE
	EndGlobalSection
	GlobalSection(NestedProjects) = preSolution
		{B8D96EA4-DDA6-4337-BD37-404E0719BAB5} = {25CF4225-EAED-441E-8715-63C421A91B92}
		{9F892949-0883-4749-ADCD-E4F7F8924AD8} = {25CF4225-EAED-441E-8715-63C421A91B92}
		{464FBF93-C095-4ECB-ADDF-39EFA6C492B3} = {25CF4225-EAED-441E-8715-63C421A91B92}
		{CC1CDD0D-9E1A-4A73-B9FA-23FCDB2EAFF6} = {25CF4225-EAED-441E-8715-63C421A91B92}
		{F9DB05BF-DEA9-4CF5-B118-BA60473A0B53} = {25CF4225-EAED-441E-8715-63C421A91B92}
		{FB389936-2B1E-4D8B-875E-35265DF21FEA} = {E4B00DB8-541C-4045-A5A2-E8F5554CE7C0}
		{42889898-4191-4161-A1FE-91848426F7FE} = {E4B00DB8-541C-4045-A5A2-E8F5554CE7C0}
		{9664DE3D-907C-4D96-9828-F8E28A686C0B} = {46D822C1-B656-4428-8083-B519611324D9}
		{E84B7258-00FE-4A0A-8953-36506CB5C838} = {46D822C1-B656-4428-8083-B519611324D9}
		{F640DFE6-0FEC-4F97-8C25-CE4E7CE5AF1D} = {46D822C1-B656-4428-8083-B519611324D9}
		{2F00538C-626C-46D9-8D11-4C9B7FB7DA04} = {E4B00DB8-541C-4045-A5A2-E8F5554CE7C0}
		{2593F91B-27BE-4A70-B0A3-5D44C8C3660E} = {E4B00DB8-541C-4045-A5A2-E8F5554CE7C0}
		{F86517E8-C2D4-46F1-8A0C-EE58A7D21A45} = {E4B00DB8-541C-4045-A5A2-E8F5554CE7C0}
		{02ACB0EE-1D84-436E-89B1-E3A84B044C6D} = {E4B00DB8-541C-4045-A5A2-E8F5554CE7C0}
		{BF933328-5629-490B-85B3-6CCA5B79E4FA} = {E4B00DB8-541C-4045-A5A2-E8F5554CE7C0}
		{33DCE38C-F7B1-4711-ADE1-1A8E3B717989} = {79468EE2-449D-4F1B-97A8-263EA93E7EE3}
		{B8136E05-3EBB-4E45-BD1C-E672266F3ED9} = {79468EE2-449D-4F1B-97A8-263EA93E7EE3}
		{53F07D5C-7AC6-4ED3-B904-003990BF8CDD} = {79468EE2-449D-4F1B-97A8-263EA93E7EE3}
		{C65087DA-398D-4A28-9B6D-5EE3C79C7635} = {C41F3E23-DD74-4E63-B6C7-C5E7430BF4BC}
		{57FB9344-5B0B-44EA-A315-6213C4B6B15F} = {C41F3E23-DD74-4E63-B6C7-C5E7430BF4BC}
		{F48801A9-F79E-4CA6-9A2C-ECC2E042AC6E} = {C41F3E23-DD74-4E63-B6C7-C5E7430BF4BC}
		{75CCB732-3877-4378-A4D5-2A585187C1BC} = {C41F3E23-DD74-4E63-B6C7-C5E7430BF4BC}
		{38B60DA2-7A82-4B86-B9C7-C6291AA7DAD4} = {C41F3E23-DD74-4E63-B6C7-C5E7430BF4BC}
		{86ABDD31-044D-42A8-BD16-D4EE3ACB13BC} = {C41F3E23-DD74-4E63-B6C7-C5E7430BF4BC}
		{9CF08145-57BC-4D1B-A64F-BD22C4E5E2BB} = {C41F3E23-DD74-4E63-B6C7-C5E7430BF4BC}
	EndGlobalSection
	GlobalSection(ExtensibilityGlobals) = postSolution
		SolutionGuid = {6026C088-BD3C-4595-934A-78F648D8C487}
	EndGlobalSection
EndGlobal
